
Microsoft Visual Studio Solution File, Format Version 12.00
Project("{FAE04EC0-301F-11D3-BF4B-00C04F79EFBC}") = "SwissPost.Utility", "SwissPost.Utility\SwissPost.Utility.csproj", "{BB0AC992-20BF-44E2-9985-8AB13DD7AEC8}"
EndProject
Project("{FAE04EC0-301F-11D3-BF4B-00C04F79EFBC}") = "SwissPost.StreetDirectory", "SwissPost.StreetDirectory\SwissPost.StreetDirectory.csproj", "{D57D864D-BBD9-44E4-8C9A-A84F70FA5DF2}"
EndProject
Project("{FAE04EC0-301F-11D3-BF4B-00C04F79EFBC}") = "SwissPost.Tests", "SwissPost.Tests\SwissPost.Tests.csproj", "{C2300EB0-6AEF-4676-B631-C424117E4353}"
EndProject
Project("{FAE04EC0-301F-11D3-BF4B-00C04F79EFBC}") = "Ascarix.GeoApi", "Ascarix.GeoApi\Ascarix.GeoApi.csproj", "{73D9AB37-273C-4944-B35C-6214E19188C6}"
EndProject
Project("{2150E333-8FDC-42A3-9474-1A3956D46DE8}") = "Docs", "Docs", "{5DEA46DE-A032-4571-AAFC-C8E6EFD63407}"
	ProjectSection(SolutionItems) = preProject
		Readme.md = Readme.md
	EndProjectSection
EndProject
Global
	GlobalSection(SolutionConfigurationPlatforms) = preSolution
		Debug|Any CPU = Debug|Any CPU
		Release|Any CPU = Release|Any CPU
	EndGlobalSection
	GlobalSection(ProjectConfigurationPlatforms) = postSolution
		{BB0AC992-20BF-44E2-9985-8AB13DD7AEC8}.Debug|Any CPU.ActiveCfg = Debug|Any CPU
		{BB0AC992-20BF-44E2-9985-8AB13DD7AEC8}.Debug|Any CPU.Build.0 = Debug|Any CPU
		{BB0AC992-20BF-44E2-9985-8AB13DD7AEC8}.Release|Any CPU.ActiveCfg = Release|Any CPU
		{BB0AC992-20BF-44E2-9985-8AB13DD7AEC8}.Release|Any CPU.Build.0 = Release|Any CPU
		{D57D864D-BBD9-44E4-8C9A-A84F70FA5DF2}.Debug|Any CPU.ActiveCfg = Debug|Any CPU
		{D57D864D-BBD9-44E4-8C9A-A84F70FA5DF2}.Debug|Any CPU.Build.0 = Debug|Any CPU
		{D57D864D-BBD9-44E4-8C9A-A84F70FA5DF2}.Release|Any CPU.ActiveCfg = Release|Any CPU
		{D57D864D-BBD9-44E4-8C9A-A84F70FA5DF2}.Release|Any CPU.Build.0 = Release|Any CPU
		{C2300EB0-6AEF-4676-B631-C424117E4353}.Debug|Any CPU.ActiveCfg = Debug|Any CPU
		{C2300EB0-6AEF-4676-B631-C424117E4353}.Debug|Any CPU.Build.0 = Debug|Any CPU
		{C2300EB0-6AEF-4676-B631-C424117E4353}.Release|Any CPU.ActiveCfg = Release|Any CPU
		{C2300EB0-6AEF-4676-B631-C424117E4353}.Release|Any CPU.Build.0 = Release|Any CPU
		{73D9AB37-273C-4944-B35C-6214E19188C6}.Debug|Any CPU.ActiveCfg = Debug|Any CPU
		{73D9AB37-273C-4944-B35C-6214E19188C6}.Debug|Any CPU.Build.0 = Debug|Any CPU
		{73D9AB37-273C-4944-B35C-6214E19188C6}.Release|Any CPU.ActiveCfg = Release|Any CPU
		{73D9AB37-273C-4944-B35C-6214E19188C6}.Release|Any CPU.Build.0 = Release|Any CPU
	EndGlobalSection
EndGlobal
